
Microsoft Visual Studio Solution File, Format Version 12.00
# Visual Studio Version 17
VisualStudioVersion = 17.9.34622.214
MinimumVisualStudioVersion = 10.0.40219.1
Project("{FAE04EC0-301F-11D3-BF4B-00C04F79EFBC}") = "CE.OG", "CE.OG\CE.OG.csproj", "{5A172D3E-DEA2-4E46-8D57-0BFECCA1FB8A}"
EndProject
Global
	GlobalSection(SolutionConfigurationPlatforms) = preSolution
		Debug|Any CPU = Debug|Any CPU
		Release|Any CPU = Release|Any CPU
	EndGlobalSection
	GlobalSection(ProjectConfigurationPlatforms) = postSolution
		{5A172D3E-DEA2-4E46-8D57-0BFECCA1FB8A}.Debug|Any CPU.ActiveCfg = Debug|Any CPU
		{5A172D3E-DEA2-4E46-8D57-0BFECCA1FB8A}.Debug|Any CPU.Build.0 = Debug|Any CPU
		{5A172D3E-DEA2-4E46-8D57-0BFECCA1FB8A}.Release|Any CPU.ActiveCfg = Release|Any CPU
		{5A172D3E-DEA2-4E46-8D57-0BFECCA1FB8A}.Release|Any CPU.Build.0 = Release|Any CPU
	EndGlobalSection
	GlobalSection(SolutionProperties) = preSolution
		HideSolutionNode = FALSE
	EndGlobalSection
	GlobalSection(ExtensibilityGlobals) = postSolution
		SolutionGuid = {6BBFD41A-3173-4750-B2EC-78EBA1CC1957}
	EndGlobalSection
EndGlobal
